
Microsoft Visual Studio Solution File, Format Version 12.00
# Visual Studio Version 17
VisualStudioVersion = 17.8.34330.188
MinimumVisualStudioVersion = 10.0.40219.1
Project("{9A19103F-16F7-4668-BE54-9A1E7A4F7556}") = "BlazorTrainingJan", "BlazorTrainingJan\BlazorTrainingJan\BlazorTrainingJan.csproj", "{2A12FF02-8019-4D19-969D-3FE6296D2894}"
EndProject
Project("{9A19103F-16F7-4668-BE54-9A1E7A4F7556}") = "BlazorTrainingJan.Client", "BlazorTrainingJan\BlazorTrainingJan.Client\BlazorTrainingJan.Client.csproj", "{CF12B196-9341-4C9D-8EFC-880508F5F1C8}"
EndProject
Global
	GlobalSection(SolutionConfigurationPlatforms) = preSolution
		Debug|Any CPU = Debug|Any CPU
		Release|Any CPU = Release|Any CPU
	EndGlobalSection
	GlobalSection(ProjectConfigurationPlatforms) = postSolution
		{2A12FF02-8019-4D19-969D-3FE6296D2894}.Debug|Any CPU.ActiveCfg = Debug|Any CPU
		{2A12FF02-8019-4D19-969D-3FE6296D2894}.Debug|Any CPU.Build.0 = Debug|Any CPU
		{2A12FF02-8019-4D19-969D-3FE6296D2894}.Release|Any CPU.ActiveCfg = Release|Any CPU
		{2A12FF02-8019-4D19-969D-3FE6296D2894}.Release|Any CPU.Build.0 = Release|Any CPU
		{CF12B196-9341-4C9D-8EFC-880508F5F1C8}.Debug|Any CPU.ActiveCfg = Debug|Any CPU
		{CF12B196-9341-4C9D-8EFC-880508F5F1C8}.Debug|Any CPU.Build.0 = Debug|Any CPU
		{CF12B196-9341-4C9D-8EFC-880508F5F1C8}.Release|Any CPU.ActiveCfg = Release|Any CPU
		{CF12B196-9341-4C9D-8EFC-880508F5F1C8}.Release|Any CPU.Build.0 = Release|Any CPU
	EndGlobalSection
	GlobalSection(SolutionProperties) = preSolution
		HideSolutionNode = FALSE
	EndGlobalSection
	GlobalSection(ExtensibilityGlobals) = postSolution
		SolutionGuid = {8F48D28B-F1D1-4F71-91A9-3E6F304F1658}
	EndGlobalSection
EndGlobal
